// !$*UTF8*$!
{
	archiveVersion = 1;
	classes = {
	};
	objectVersion = 56;
	objects = {

/* Begin PBXBuildFile section */
		4BB4CACF292205E100B0EDEC /* LightroomPresetControlApp.swift in Sources */ = {isa = PBXBuildFile; fileRef = 4BB4CACE292205E100B0EDEC /* LightroomPresetControlApp.swift */; };
		4BB4CAD1292205E100B0EDEC /* ContentView.swift in Sources */ = {isa = PBXBuildFile; fileRef = 4BB4CAD0292205E100B0EDEC /* ContentView.swift */; };
		4BB4CAD3292205E200B0EDEC /* Assets.xcassets in Resources */ = {isa = PBXBuildFile; fileRef = 4BB4CAD2292205E200B0EDEC /* Assets.xcassets */; };
		4BB4CAD6292205E200B0EDEC /* Preview Assets.xcassets in Resources */ = {isa = PBXBuildFile; fileRef = 4BB4CAD5292205E200B0EDEC /* Preview Assets.xcassets */; };
		4BB4CAE32923B65300B0EDEC /* LightroomPreset in Frameworks */ = {isa = PBXBuildFile; productRef = 4BB4CAE22923B65300B0EDEC /* LightroomPreset */; };
/* End PBXBuildFile section */

/* Begin PBXFileReference section */
		4BB4CACB292205E100B0EDEC /* LightroomPresetControl.app */ = {isa = PBXFileReference; explicitFileType = wrapper.application; includeInIndex = 0; path = LightroomPresetControl.app; sourceTree = BUILT_PRODUCTS_DIR; };
		4BB4CACE292205E100B0EDEC /* LightroomPresetControlApp.swift */ = {isa = PBXFileReference; lastKnownFileType = sourcecode.swift; path = LightroomPresetControlApp.swift; sourceTree = "<group>"; };
		4BB4CAD0292205E100B0EDEC /* ContentView.swift */ = {isa = PBXFileReference; lastKnownFileType = sourcecode.swift; path = ContentView.swift; sourceTree = "<group>"; };
		4BB4CAD2292205E200B0EDEC /* Assets.xcassets */ = {isa = PBXFileReference; lastKnownFileType = folder.assetcatalog; path = Assets.xcassets; sourceTree = "<group>"; };
		4BB4CAD5292205E200B0EDEC /* Preview Assets.xcassets */ = {isa = PBXFileReference; lastKnownFileType = folder.assetcatalog; path = "Preview Assets.xcassets"; sourceTree = "<group>"; };
		4BB4CAD7292205E200B0EDEC /* LightroomPresetControl.entitlements */ = {isa = PBXFileReference; lastKnownFileType = text.plist.entitlements; path = LightroomPresetControl.entitlements; sourceTree = "<group>"; };
		4BB4CAE12923B5E100B0EDEC /* LightroomPreset */ = {isa = PBXFileReference; lastKnownFileType = wrapper; path = LightroomPreset; sourceTree = "<group>"; };
/* End PBXFileReference section */

/* Begin PBXFrameworksBuildPhase section */
		4BB4CAC8292205E100B0EDEC /* Frameworks */ = {
			isa = PBXFrameworksBuildPhase;
			buildActionMask = 2147483647;
			files = (
				4BB4CAE32923B65300B0EDEC /* LightroomPreset in Frameworks */,
			);
			runOnlyForDeploymentPostprocessing = 0;
		};
/* End PBXFrameworksBuildPhase section */

/* Begin PBXGroup section */
		4BB4CAC2292205E100B0EDEC = {
			isa = PBXGroup;
			children = (
				4BB4CAE12923B5E100B0EDEC /* LightroomPreset */,
				4BB4CACD292205E100B0EDEC /* LightroomPresetControl */,
				4BB4CACC292205E100B0EDEC /* Products */,
				4BB4CADE2923AEAB00B0EDEC /* Frameworks */,
			);
			sourceTree = "<group>";
		};
		4BB4CACC292205E100B0EDEC /* Products */ = {
			isa = PBXGroup;
			children = (
				4BB4CACB292205E100B0EDEC /* LightroomPresetControl.app */,
			);
			name = Products;
			sourceTree = "<group>";
		};
		4BB4CACD292205E100B0EDEC /* LightroomPresetControl */ = {
			isa = PBXGroup;
			children = (
				4BB4CACE292205E100B0EDEC /* LightroomPresetControlApp.swift */,
				4BB4CAD0292205E100B0EDEC /* ContentView.swift */,
				4BB4CAD2292205E200B0EDEC /* Assets.xcassets */,
				4BB4CAD7292205E200B0EDEC /* LightroomPresetControl.entitlements */,
				4BB4CAD4292205E200B0EDEC /* Preview Content */,
			);
			path = LightroomPresetControl;
			sourceTree = "<group>";
		};
		4BB4CAD4292205E200B0EDEC /* Preview Content */ = {
			isa = PBXGroup;
			children = (
				4BB4CAD5292205E200B0EDEC /* Preview Assets.xcassets */,
			);
			path = "Preview Content";
			sourceTree = "<group>";
		};
		4BB4CADE2923AEAB00B0EDEC /* Frameworks */ = {
			isa = PBXGroup;
			children = (
			);
			name = Frameworks;
			sourceTree = "<group>";
		};
/* End PBXGroup section */

/* Begin PBXNativeTarget section */
		4BB4CACA292205E100B0EDEC /* LightroomPresetControl */ = {
			isa = PBXNativeTarget;
			buildConfigurationList = 4BB4CADA292205E200B0EDEC /* Build configuration list for PBXNativeTarget "LightroomPresetControl" */;
			buildPhases = (
				4BB4CAC7292205E100B0EDEC /* Sources */,
				4BB4CAC8292205E100B0EDEC /* Frameworks */,
				4BB4CAC9292205E100B0EDEC /* Resources */,
			);
			buildRules = (
			);
			dependencies = (
			);
			name = LightroomPresetControl;
			packageProductDependencies = (
				4BB4CAE22923B65300B0EDEC /* LightroomPreset */,
			);
			productName = LightroomPresetControl;
			productReference = 4BB4CACB292205E100B0EDEC /* LightroomPresetControl.app */;
			productType = "com.apple.product-type.application";
		};
/* End PBXNativeTarget section */

/* Begin PBXProject section */
		4BB4CAC3292205E100B0EDEC /* Project object */ = {
			isa = PBXProject;
			attributes = {
				BuildIndependentTargetsInParallel = 1;
				LastSwiftUpdateCheck = 1410;
				LastUpgradeCheck = 1410;
				TargetAttributes = {
					4BB4CACA292205E100B0EDEC = {
						CreatedOnToolsVersion = 14.1;
					};
				};
			};
			buildConfigurationList = 4BB4CAC6292205E100B0EDEC /* Build configuration list for PBXProject "LightroomPresetControl" */;
			compatibilityVersion = "Xcode 14.0";
			developmentRegion = en;
			hasScannedForEncodings = 0;
			knownRegions = (
				en,
				Base,
			);
			mainGroup = 4BB4CAC2292205E100B0EDEC;
			productRefGroup = 4BB4CACC292205E100B0EDEC /* Products */;
			projectDirPath = "";
			projectRoot = "";
			targets = (
				4BB4CACA292205E100B0EDEC /* LightroomPresetControl */,
			);
		};
/* End PBXProject section */

/* Begin PBXResourcesBuildPhase section */
		4BB4CAC9292205E100B0EDEC /* Resources */ = {
			isa = PBXResourcesBuildPhase;
			buildActionMask = 2147483647;
			files = (
				4BB4CAD6292205E200B0EDEC /* Preview Assets.xcassets in Resources */,
				4BB4CAD3292205E200B0EDEC /* Assets.xcassets in Resources */,
			);
			runOnlyForDeploymentPostprocessing = 0;
		};
/* End PBXResourcesBuildPhase section */

/* Begin PBXSourcesBuildPhase section */
		4BB4CAC7292205E100B0EDEC /* Sources */ = {
			isa = PBXSourcesBuildPhase;
			buildActionMask = 2147483647;
			files = (
				4BB4CAD1292205E100B0EDEC /* ContentView.swift in Sources */,
				4BB4CACF292205E100B0EDEC /* LightroomPresetControlApp.swift in Sources */,
			);
			runOnlyForDeploymentPostprocessing = 0;
		};
/* End PBXSourcesBuildPhase section */

/* Begin XCBuildConfiguration section */
		4BB4CAD8292205E200B0EDEC /* Debug */ = {
			isa = XCBuildConfiguration;
			buildSettings = {
				ALWAYS_SEARCH_USER_PATHS = NO;
				CLANG_ANALYZER_NONNULL = YES;
				CLANG_ANALYZER_NUMBER_OBJECT_CONVERSION = YES_AGGRESSIVE;
				CLANG_CXX_LANGUAGE_STANDARD = "gnu++20";
				CLANG_ENABLE_MODULES = YES;
				CLANG_ENABLE_OBJC_ARC = YES;
				CLANG_ENABLE_OBJC_WEAK = YES;
				CLANG_WARN_BLOCK_CAPTURE_AUTORELEASING = YES;
				CLANG_WARN_BOOL_CONVERSION = YES;
				CLANG_WARN_COMMA = YES;
				CLANG_WARN_CONSTANT_CONVERSION = YES;
				CLANG_WARN_DEPRECATED_OBJC_IMPLEMENTATIONS = YES;
				CLANG_WARN_DIRECT_OBJC_ISA_USAGE = YES_ERROR;
				CLANG_WARN_DOCUMENTATION_COMMENTS = YES;
				CLANG_WARN_EMPTY_BODY = YES;
				CLANG_WARN_ENUM_CONVERSION = YES;
				CLANG_WARN_INFINITE_RECURSION = YES;
				CLANG_WARN_INT_CONVERSION = YES;
				CLANG_WARN_NON_LITERAL_NULL_CONVERSION = YES;
				CLANG_WARN_OBJC_IMPLICIT_RETAIN_SELF = YES;
				CLANG_WARN_OBJC_LITERAL_CONVERSION = YES;
				CLANG_WARN_OBJC_ROOT_CLASS = YES_ERROR;
				CLANG_WARN_QUOTED_INCLUDE_IN_FRAMEWORK_HEADER = YES;
				CLANG_WARN_RANGE_LOOP_ANALYSIS = YES;
				CLANG_WARN_STRICT_PROTOTYPES = YES;
				CLANG_WARN_SUSPICIOUS_MOVE = YES;
				CLANG_WARN_UNGUARDED_AVAILABILITY = YES_AGGRESSIVE;
				CLANG_WARN_UNREACHABLE_CODE = YES;
				CLANG_WARN__DUPLICATE_METHOD_MATCH = YES;
				COPY_PHASE_STRIP = NO;
				DEBUG_INFORMATION_FORMAT = dwarf;
				ENABLE_STRICT_OBJC_MSGSEND = YES;
				ENABLE_TESTABILITY = YES;
				GCC_C_LANGUAGE_STANDARD = gnu11;
				GCC_DYNAMIC_NO_PIC = NO;
				GCC_NO_COMMON_BLOCKS = YES;
				GCC_OPTIMIZATION_LEVEL = 0;
				GCC_PREPROCESSOR_DEFINITIONS = (
					"DEBUG=1",
					"$(inherited)",
				);
				GCC_WARN_64_TO_32_BIT_CONVERSION = YES;
				GCC_WARN_ABOUT_RETURN_TYPE = YES_ERROR;
				GCC_WARN_UNDECLARED_SELECTOR = YES;
				GCC_WARN_UNINITIALIZED_AUTOS = YES_AGGRESSIVE;
				GCC_WARN_UNUSED_FUNCTION = YES;
				GCC_WARN_UNUSED_VARIABLE = YES;
				MACOSX_DEPLOYMENT_TARGET = 13.0;
				MTL_ENABLE_DEBUG_INFO = INCLUDE_SOURCE;
				MTL_FAST_MATH = YES;
				ONLY_ACTIVE_ARCH = YES;
				SDKROOT = macosx;
				SWIFT_ACTIVE_COMPILATION_CONDITIONS = DEBUG;
				SWIFT_OPTIMIZATION_LEVEL = "-Onone";
			};
			name = Debug;
		};
		4BB4CAD9292205E200B0EDEC /* Release */ = {
			isa = XCBuildConfiguration;
			buildSettings = {
				ALWAYS_SEARCH_USER_PATHS = NO;
				CLANG_ANALYZER_NONNULL = YES;
				CLANG_ANALYZER_NUMBER_OBJECT_CONVERSION = YES_AGGRESSIVE;
				CLANG_CXX_LANGUAGE_STANDARD = "gnu++20";
				CLANG_ENABLE_MODULES = YES;
				CLANG_ENABLE_OBJC_ARC = YES;
				CLANG_ENABLE_OBJC_WEAK = YES;
				CLANG_WARN_BLOCK_CAPTURE_AUTORELEASING = YES;
				CLANG_WARN_BOOL_CONVERSION = YES;
				CLANG_WARN_COMMA = YES;
				CLANG_WARN_CONSTANT_CONVERSION = YES;
				CLANG_WARN_DEPRECATED_OBJC_IMPLEMENTATIONS = YES;
				CLANG_WARN_DIRECT_OBJC_ISA_USAGE = YES_ERROR;
				CLANG_WARN_DOCUMENTATION_COMMENTS = YES;
				CLANG_WARN_EMPTY_BODY = YES;
				CLANG_WARN_ENUM_CONVERSION = YES;
				CLANG_WARN_INFINITE_RECURSION = YES;
				CLANG_WARN_INT_CONVERSION = YES;
				CLANG_WARN_NON_LITERAL_NULL_CONVERSION = YES;
				CLANG_WARN_OBJC_IMPLICIT_RETAIN_SELF = YES;
				CLANG_WARN_OBJC_LITERAL_CONVERSION = YES;
				CLANG_WARN_OBJC_ROOT_CLASS = YES_ERROR;
				CLANG_WARN_QUOTED_INCLUDE_IN_FRAMEWORK_HEADER = YES;
				CLANG_WARN_RANGE_LOOP_ANALYSIS = YES;
				CLANG_WARN_STRICT_PROTOTYPES = YES;
				CLANG_WARN_SUSPICIOUS_MOVE = YES;
				CLANG_WARN_UNGUARDED_AVAILABILITY = YES_AGGRESSIVE;
				CLANG_WARN_UNREACHABLE_CODE = YES;
				CLANG_WARN__DUPLICATE_METHOD_MATCH = YES;
				COPY_PHASE_STRIP = NO;
				DEBUG_INFORMATION_FORMAT = "dwarf-with-dsym";
				ENABLE_NS_ASSERTIONS = NO;
				ENABLE_STRICT_OBJC_MSGSEND = YES;
				GCC_C_LANGUAGE_STANDARD = gnu11;
				GCC_NO_COMMON_BLOCKS = YES;
				GCC_WARN_64_TO_32_BIT_CONVERSION = YES;
				GCC_WARN_ABOUT_RETURN_TYPE = YES_ERROR;
				GCC_WARN_UNDECLARED_SELECTOR = YES;
				GCC_WARN_UNINITIALIZED_AUTOS = YES_AGGRESSIVE;
				GCC_WARN_UNUSED_FUNCTION = YES;
				GCC_WARN_UNUSED_VARIABLE = YES;
				MACOSX_DEPLOYMENT_TARGET = 13.0;
				MTL_ENABLE_DEBUG_INFO = NO;
				MTL_FAST_MATH = YES;
				SDKROOT = macosx;
				SWIFT_COMPILATION_MODE = wholemodule;
				SWIFT_OPTIMIZATION_LEVEL = "-O";
			};
			name = Release;
		};
		4BB4CADB292205E200B0EDEC /* Debug */ = {
			isa = XCBuildConfiguration;
			buildSettings = {
				ASSETCATALOG_COMPILER_APPICON_NAME = AppIcon;
				ASSETCATALOG_COMPILER_GLOBAL_ACCENT_COLOR_NAME = AccentColor;
				CODE_SIGN_ENTITLEMENTS = LightroomPresetControl/LightroomPresetControl.entitlements;
				CODE_SIGN_STYLE = Automatic;
				COMBINE_HIDPI_IMAGES = YES;
				CURRENT_PROJECT_VERSION = 1;
				DEVELOPMENT_ASSET_PATHS = "\"LightroomPresetControl/Preview Content\"";
				ENABLE_PREVIEWS = YES;
				GENERATE_INFOPLIST_FILE = YES;
				INFOPLIST_KEY_NSHumanReadableCopyright = "";
				LD_RUNPATH_SEARCH_PATHS = (
					"$(inherited)",
					"@executable_path/../Frameworks",
				);
				MARKETING_VERSION = 1.0;
				PRODUCT_BUNDLE_IDENTIFIER = app.muukii.LightroomPresetControl;
				PRODUCT_NAME = "$(TARGET_NAME)";
				SWIFT_EMIT_LOC_STRINGS = YES;
				SWIFT_VERSION = 5.0;
			};
			name = Debug;
		};
		4BB4CADC292205E200B0EDEC /* Release */ = {
			isa = XCBuildConfiguration;
			buildSettings = {
				ASSETCATALOG_COMPILER_APPICON_NAME = AppIcon;
				ASSETCATALOG_COMPILER_GLOBAL_ACCENT_COLOR_NAME = AccentColor;
				CODE_SIGN_ENTITLEMENTS = LightroomPresetControl/LightroomPresetControl.entitlements;
				CODE_SIGN_STYLE = Automatic;
				COMBINE_HIDPI_IMAGES = YES;
				CURRENT_PROJECT_VERSION = 1;
				DEVELOPMENT_ASSET_PATHS = "\"LightroomPresetControl/Preview Content\"";
				ENABLE_PREVIEWS = YES;
				GENERATE_INFOPLIST_FILE = YES;
				INFOPLIST_KEY_NSHumanReadableCopyright = "";
				LD_RUNPATH_SEARCH_PATHS = (
					"$(inherited)",
					"@executable_path/../Frameworks",
				);
				MARKETING_VERSION = 1.0;
				PRODUCT_BUNDLE_IDENTIFIER = app.muukii.LightroomPresetControl;
				PRODUCT_NAME = "$(TARGET_NAME)";
				SWIFT_EMIT_LOC_STRINGS = YES;
				SWIFT_VERSION = 5.0;
			};
			name = Release;
		};
/* End XCBuildConfiguration section */

/* Begin XCConfigurationList section */
		4BB4CAC6292205E100B0EDEC /* Build configuration list for PBXProject "LightroomPresetControl" */ = {
			isa = XCConfigurationList;
			buildConfigurations = (
				4BB4CAD8292205E200B0EDEC /* Debug */,
				4BB4CAD9292205E200B0EDEC /* Release */,
			);
			defaultConfigurationIsVisible = 0;
			defaultConfigurationName = Release;
		};
		4BB4CADA292205E200B0EDEC /* Build configuration list for PBXNativeTarget "LightroomPresetControl" */ = {
			isa = XCConfigurationList;
			buildConfigurations = (
				4BB4CADB292205E200B0EDEC /* Debug */,
				4BB4CADC292205E200B0EDEC /* Release */,
			);
			defaultConfigurationIsVisible = 0;
			defaultConfigurationName = Release;
		};
/* End XCConfigurationList section */

/* Begin XCSwiftPackageProductDependency section */
		4BB4CAE22923B65300B0EDEC /* LightroomPreset */ = {
			isa = XCSwiftPackageProductDependency;
			productName = LightroomPreset;
		};
/* End XCSwiftPackageProductDependency section */
	};
	rootObject = 4BB4CAC3292205E100B0EDEC /* Project object */;
}
